
Microsoft Visual Studio Solution File, Format Version 12.00
# Visual Studio 15
VisualStudioVersion = 15.0.26430.16
MinimumVisualStudioVersion = 10.0.40219.1
Project("{930C7802-8A8C-48F9-8165-68863BCCD9DD}") = "Youtube-DL", "Youtube-DL\Youtube-DL.wixproj", "{53F4EEA2-6E52-4F42-9F67-F0535BA4944E}"
EndProject
Global
	GlobalSection(SolutionConfigurationPlatforms) = preSolution
		Debug|x64 = Debug|x64
		Debug|x86 = Debug|x86
		Release|x64 = Release|x64
		Release|x86 = Release|x86
	EndGlobalSection
	GlobalSection(ProjectConfigurationPlatforms) = postSolution
		{53F4EEA2-6E52-4F42-9F67-F0535BA4944E}.Debug|x64.ActiveCfg = Debug|x64
		{53F4EEA2-6E52-4F42-9F67-F0535BA4944E}.Debug|x64.Build.0 = Debug|x64
		{53F4EEA2-6E52-4F42-9F67-F0535BA4944E}.Debug|x86.ActiveCfg = Debug|x86
		{53F4EEA2-6E52-4F42-9F67-F0535BA4944E}.Debug|x86.Build.0 = Debug|x86
		{53F4EEA2-6E52-4F42-9F67-F0535BA4944E}.Release|x64.ActiveCfg = Release|x64
		{53F4EEA2-6E52-4F42-9F67-F0535BA4944E}.Release|x64.Build.0 = Release|x64
		{53F4EEA2-6E52-4F42-9F67-F0535BA4944E}.Release|x86.ActiveCfg = Release|x86
		{53F4EEA2-6E52-4F42-9F67-F0535BA4944E}.Release|x86.Build.0 = Release|x86
	EndGlobalSection
	GlobalSection(SolutionProperties) = preSolution
		HideSolutionNode = FALSE
	EndGlobalSection
EndGlobal
